
Microsoft Visual Studio Solution File, Format Version 12.00
# Visual Studio Version 16
VisualStudioVersion = 16.0.30104.148
MinimumVisualStudioVersion = 10.0.40219.1
Project("{FAE04EC0-301F-11D3-BF4B-00C04F79EFBC}") = "MongoQueryGenerator", "MongoQueryGenerator\MongoQueryGenerator.csproj", "{C79318CF-2FCA-48FE-9829-CF9C91F38DED}"
EndProject
Global
	GlobalSection(SolutionConfigurationPlatforms) = preSolution
		Debug|Any CPU = Debug|Any CPU
		Release|Any CPU = Release|Any CPU
	EndGlobalSection
	GlobalSection(ProjectConfigurationPlatforms) = postSolution
		{C79318CF-2FCA-48FE-9829-CF9C91F38DED}.Debug|Any CPU.ActiveCfg = Debug|Any CPU
		{C79318CF-2FCA-48FE-9829-CF9C91F38DED}.Debug|Any CPU.Build.0 = Debug|Any CPU
		{C79318CF-2FCA-48FE-9829-CF9C91F38DED}.Release|Any CPU.ActiveCfg = Release|Any CPU
		{C79318CF-2FCA-48FE-9829-CF9C91F38DED}.Release|Any CPU.Build.0 = Release|Any CPU
	EndGlobalSection
	GlobalSection(SolutionProperties) = preSolution
		HideSolutionNode = FALSE
	EndGlobalSection
	GlobalSection(ExtensibilityGlobals) = postSolution
		SolutionGuid = {83E8F7C7-B2BA-4D82-9AD6-BA8D5AA263CD}
	EndGlobalSection
EndGlobal
